// !$*UTF8*$!
{
	archiveVersion = 1;
	classes = {
	};
	objectVersion = 46;
	objects = {

/* Begin PBXBuildFile section */
		F1EFE9231C284FAE00B02B52 /* main.m in Sources */ = {isa = PBXBuildFile; fileRef = F1EFE9221C284FAE00B02B52 /* main.m */; };
		F1EFE9261C284FAE00B02B52 /* AppDelegate.m in Sources */ = {isa = PBXBuildFile; fileRef = F1EFE9251C284FAE00B02B52 /* AppDelegate.m */; };
		F1EFE9291C284FAE00B02B52 /* ViewController.m in Sources */ = {isa = PBXBuildFile; fileRef = F1EFE9281C284FAE00B02B52 /* ViewController.m */; };
		F1EFE92C1C284FAE00B02B52 /* Main.storyboard in Resources */ = {isa = PBXBuildFile; fileRef = F1EFE92A1C284FAE00B02B52 /* Main.storyboard */; };
		F1EFE92E1C284FAE00B02B52 /* Assets.xcassets in Resources */ = {isa = PBXBuildFile; fileRef = F1EFE92D1C284FAE00B02B52 /* Assets.xcassets */; };
		F1EFE9311C284FAE00B02B52 /* LaunchScreen.storyboard in Resources */ = {isa = PBXBuildFile; fileRef = F1EFE92F1C284FAE00B02B52 /* LaunchScreen.storyboard */; };
		F1EFE93C1C284FAE00B02B52 /* FreshTests.m in Sources */ = {isa = PBXBuildFile; fileRef = F1EFE93B1C284FAE00B02B52 /* FreshTests.m */; };
		F1EFE9471C284FAE00B02B52 /* FreshUITests.m in Sources */ = {isa = PBXBuildFile; fileRef = F1EFE9461C284FAE00B02B52 /* FreshUITests.m */; };
/* End PBXBuildFile section */

/* Begin PBXContainerItemProxy section */
		F1EFE9381C284FAE00B02B52 /* PBXContainerItemProxy */ = {
			isa = PBXContainerItemProxy;
			containerPortal = F1EFE9161C284FAE00B02B52 /* Project object */;
			proxyType = 1;
			remoteGlobalIDString = F1EFE91D1C284FAE00B02B52;
			remoteInfo = Fresh;
		};
		F1EFE9431C284FAE00B02B52 /* PBXContainerItemProxy */ = {
			isa = PBXContainerItemProxy;
			containerPortal = F1EFE9161C284FAE00B02B52 /* Project object */;
			proxyType = 1;
			remoteGlobalIDString = F1EFE91D1C284FAE00B02B52;
			remoteInfo = Fresh;
		};
/* End PBXContainerItemProxy section */

/* Begin PBXFileReference section */
		F1EFE91E1C284FAE00B02B52 /* Fresh.app */ = {isa = PBXFileReference; explicitFileType = wrapper.application; includeInIndex = 0; path = Fresh.app; sourceTree = BUILT_PRODUCTS_DIR; };
		F1EFE9221C284FAE00B02B52 /* main.m */ = {isa = PBXFileReference; lastKnownFileType = sourcecode.c.objc; path = main.m; sourceTree = "<group>"; };
		F1EFE9241C284FAE00B02B52 /* AppDelegate.h */ = {isa = PBXFileReference; lastKnownFileType = sourcecode.c.h; path = AppDelegate.h; sourceTree = "<group>"; };
		F1EFE9251C284FAE00B02B52 /* AppDelegate.m */ = {isa = PBXFileReference; lastKnownFileType = sourcecode.c.objc; path = AppDelegate.m; sourceTree = "<group>"; };
		F1EFE9271C284FAE00B02B52 /* ViewController.h */ = {isa = PBXFileReference; lastKnownFileType = sourcecode.c.h; path = ViewController.h; sourceTree = "<group>"; };
		F1EFE9281C284FAE00B02B52 /* ViewController.m */ = {isa = PBXFileReference; lastKnownFileType = sourcecode.c.objc; path = ViewController.m; sourceTree = "<group>"; };
		F1EFE92B1C284FAE00B02B52 /* Base */ = {isa = PBXFileReference; lastKnownFileType = file.storyboard; name = Base; path = Base.lproj/Main.storyboard; sourceTree = "<group>"; };
		F1EFE92D1C284FAE00B02B52 /* Assets.xcassets */ = {isa = PBXFileReference; lastKnownFileType = folder.assetcatalog; path = Assets.xcassets; sourceTree = "<group>"; };
		F1EFE9301C284FAE00B02B52 /* Base */ = {isa = PBXFileReference; lastKnownFileType = file.storyboard; name = Base; path = Base.lproj/LaunchScreen.storyboard; sourceTree = "<group>"; };
		F1EFE9321C284FAE00B02B52 /* Info.plist */ = {isa = PBXFileReference; lastKnownFileType = text.plist.xml; path = Info.plist; sourceTree = "<group>"; };
		F1EFE9371C284FAE00B02B52 /* FreshTests.xctest */ = {isa = PBXFileReference; explicitFileType = wrapper.cfbundle; includeInIndex = 0; path = FreshTests.xctest; sourceTree = BUILT_PRODUCTS_DIR; };
		F1EFE93B1C284FAE00B02B52 /* FreshTests.m */ = {isa = PBXFileReference; lastKnownFileType = sourcecode.c.objc; path = FreshTests.m; sourceTree = "<group>"; };
		F1EFE93D1C284FAE00B02B52 /* Info.plist */ = {isa = PBXFileReference; lastKnownFileType = text.plist.xml; path = Info.plist; sourceTree = "<group>"; };
		F1EFE9421C284FAE00B02B52 /* FreshUITests.xctest */ = {isa = PBXFileReference; explicitFileType = wrapper.cfbundle; includeInIndex = 0; path = FreshUITests.xctest; sourceTree = BUILT_PRODUCTS_DIR; };
		F1EFE9461C284FAE00B02B52 /* FreshUITests.m */ = {isa = PBXFileReference; lastKnownFileType = sourcecode.c.objc; path = FreshUITests.m; sourceTree = "<group>"; };
		F1EFE9481C284FAE00B02B52 /* Info.plist */ = {isa = PBXFileReference; lastKnownFileType = text.plist.xml; path = Info.plist; sourceTree = "<group>"; };
/* End PBXFileReference section */

/* Begin PBXFrameworksBuildPhase section */
		F1EFE91B1C284FAE00B02B52 /* Frameworks */ = {
			isa = PBXFrameworksBuildPhase;
			buildActionMask = 2147483647;
			files = (
			);
			runOnlyForDeploymentPostprocessing = 0;
		};
		F1EFE9341C284FAE00B02B52 /* Frameworks */ = {
			isa = PBXFrameworksBuildPhase;
			buildActionMask = 2147483647;
			files = (
			);
			runOnlyForDeploymentPostprocessing = 0;
		};
		F1EFE93F1C284FAE00B02B52 /* Frameworks */ = {
			isa = PBXFrameworksBuildPhase;
			buildActionMask = 2147483647;
			files = (
			);
			runOnlyForDeploymentPostprocessing = 0;
		};
/* End PBXFrameworksBuildPhase section */

/* Begin PBXGroup section */
		F1EFE9151C284FAE00B02B52 = {
			isa = PBXGroup;
			children = (
				F1EFE9201C284FAE00B02B52 /* Fresh */,
				F1EFE93A1C284FAE00B02B52 /* FreshTests */,
				F1EFE9451C284FAE00B02B52 /* FreshUITests */,
				F1EFE91F1C284FAE00B02B52 /* Products */,
			);
			sourceTree = "<group>";
		};
		F1EFE91F1C284FAE00B02B52 /* Products */ = {
			isa = PBXGroup;
			children = (
				F1EFE91E1C284FAE00B02B52 /* Fresh.app */,
				F1EFE9371C284FAE00B02B52 /* FreshTests.xctest */,
				F1EFE9421C284FAE00B02B52 /* FreshUITests.xctest */,
			);
			name = Products;
			sourceTree = "<group>";
		};
		F1EFE9201C284FAE00B02B52 /* Fresh */ = {
			isa = PBXGroup;
			children = (
				F1EFE9241C284FAE00B02B52 /* AppDelegate.h */,
				F1EFE9251C284FAE00B02B52 /* AppDelegate.m */,
				F1EFE9271C284FAE00B02B52 /* ViewController.h */,
				F1EFE9281C284FAE00B02B52 /* ViewController.m */,
				F1EFE92A1C284FAE00B02B52 /* Main.storyboard */,
				F1EFE92D1C284FAE00B02B52 /* Assets.xcassets */,
				F1EFE92F1C284FAE00B02B52 /* LaunchScreen.storyboard */,
				F1EFE9321C284FAE00B02B52 /* Info.plist */,
				F1EFE9211C284FAE00B02B52 /* Supporting Files */,
			);
			path = Fresh;
			sourceTree = "<group>";
		};
		F1EFE9211C284FAE00B02B52 /* Supporting Files */ = {
			isa = PBXGroup;
			children = (
				F1EFE9221C284FAE00B02B52 /* main.m */,
			);
			name = "Supporting Files";
			sourceTree = "<group>";
		};
		F1EFE93A1C284FAE00B02B52 /* FreshTests */ = {
			isa = PBXGroup;
			children = (
				F1EFE93B1C284FAE00B02B52 /* FreshTests.m */,
				F1EFE93D1C284FAE00B02B52 /* Info.plist */,
			);
			path = FreshTests;
			sourceTree = "<group>";
		};
		F1EFE9451C284FAE00B02B52 /* FreshUITests */ = {
			isa = PBXGroup;
			children = (
				F1EFE9461C284FAE00B02B52 /* FreshUITests.m */,
				F1EFE9481C284FAE00B02B52 /* Info.plist */,
			);
			path = FreshUITests;
			sourceTree = "<group>";
		};
/* End PBXGroup section */

/* Begin PBXNativeTarget section */
		F1EFE91D1C284FAE00B02B52 /* Fresh */ = {
			isa = PBXNativeTarget;
			buildConfigurationList = F1EFE94B1C284FAE00B02B52 /* Build configuration list for PBXNativeTarget "Fresh" */;
			buildPhases = (
				F1EFE91A1C284FAE00B02B52 /* Sources */,
				F1EFE91B1C284FAE00B02B52 /* Frameworks */,
				F1EFE91C1C284FAE00B02B52 /* Resources */,
			);
			buildRules = (
			);
			dependencies = (
			);
			name = Fresh;
			productName = Fresh;
			productReference = F1EFE91E1C284FAE00B02B52 /* Fresh.app */;
			productType = "com.apple.product-type.application";
		};
		F1EFE9361C284FAE00B02B52 /* FreshTests */ = {
			isa = PBXNativeTarget;
			buildConfigurationList = F1EFE94E1C284FAE00B02B52 /* Build configuration list for PBXNativeTarget "FreshTests" */;
			buildPhases = (
				F1EFE9331C284FAE00B02B52 /* Sources */,
				F1EFE9341C284FAE00B02B52 /* Frameworks */,
				F1EFE9351C284FAE00B02B52 /* Resources */,
			);
			buildRules = (
			);
			dependencies = (
				F1EFE9391C284FAE00B02B52 /* PBXTargetDependency */,
			);
			name = FreshTests;
			productName = FreshTests;
			productReference = F1EFE9371C284FAE00B02B52 /* FreshTests.xctest */;
			productType = "com.apple.product-type.bundle.unit-test";
		};
		F1EFE9411C284FAE00B02B52 /* FreshUITests */ = {
			isa = PBXNativeTarget;
			buildConfigurationList = F1EFE9511C284FAE00B02B52 /* Build configuration list for PBXNativeTarget "FreshUITests" */;
			buildPhases = (
				F1EFE93E1C284FAE00B02B52 /* Sources */,
				F1EFE93F1C284FAE00B02B52 /* Frameworks */,
				F1EFE9401C284FAE00B02B52 /* Resources */,
			);
			buildRules = (
			);
			dependencies = (
				F1EFE9441C284FAE00B02B52 /* PBXTargetDependency */,
			);
			name = FreshUITests;
			productName = FreshUITests;
			productReference = F1EFE9421C284FAE00B02B52 /* FreshUITests.xctest */;
			productType = "com.apple.product-type.bundle.ui-testing";
		};
/* End PBXNativeTarget section */

/* Begin PBXProject section */
		F1EFE9161C284FAE00B02B52 /* Project object */ = {
			isa = PBXProject;
			attributes = {
				LastUpgradeCheck = 0700;
				ORGANIZATIONNAME = NADA_BM;
				TargetAttributes = {
					F1EFE91D1C284FAE00B02B52 = {
						CreatedOnToolsVersion = 7.0;
					};
					F1EFE9361C284FAE00B02B52 = {
						CreatedOnToolsVersion = 7.0;
						TestTargetID = F1EFE91D1C284FAE00B02B52;
					};
					F1EFE9411C284FAE00B02B52 = {
						CreatedOnToolsVersion = 7.0;
						TestTargetID = F1EFE91D1C284FAE00B02B52;
					};
				};
			};
			buildConfigurationList = F1EFE9191C284FAE00B02B52 /* Build configuration list for PBXProject "Fresh" */;
			compatibilityVersion = "Xcode 3.2";
			developmentRegion = English;
			hasScannedForEncodings = 0;
			knownRegions = (
				en,
				Base,
			);
			mainGroup = F1EFE9151C284FAE00B02B52;
			productRefGroup = F1EFE91F1C284FAE00B02B52 /* Products */;
			projectDirPath = "";
			projectRoot = "";
			targets = (
				F1EFE91D1C284FAE00B02B52 /* Fresh */,
				F1EFE9361C284FAE00B02B52 /* FreshTests */,
				F1EFE9411C284FAE00B02B52 /* FreshUITests */,
			);
		};
/* End PBXProject section */

/* Begin PBXResourcesBuildPhase section */
		F1EFE91C1C284FAE00B02B52 /* Resources */ = {
			isa = PBXResourcesBuildPhase;
			buildActionMask = 2147483647;
			files = (
				F1EFE9311C284FAE00B02B52 /* LaunchScreen.storyboard in Resources */,
				F1EFE92E1C284FAE00B02B52 /* Assets.xcassets in Resources */,
				F1EFE92C1C284FAE00B02B52 /* Main.storyboard in Resources */,
			);
			runOnlyForDeploymentPostprocessing = 0;
		};
		F1EFE9351C284FAE00B02B52 /* Resources */ = {
			isa = PBXResourcesBuildPhase;
			buildActionMask = 2147483647;
			files = (
			);
			runOnlyForDeploymentPostprocessing = 0;
		};
		F1EFE9401C284FAE00B02B52 /* Resources */ = {
			isa = PBXResourcesBuildPhase;
			buildActionMask = 2147483647;
			files = (
			);
			runOnlyForDeploymentPostprocessing = 0;
		};
/* End PBXResourcesBuildPhase section */

/* Begin PBXSourcesBuildPhase section */
		F1EFE91A1C284FAE00B02B52 /* Sources */ = {
			isa = PBXSourcesBuildPhase;
			buildActionMask = 2147483647;
			files = (
				F1EFE9291C284FAE00B02B52 /* ViewController.m in Sources */,
				F1EFE9261C284FAE00B02B52 /* AppDelegate.m in Sources */,
				F1EFE9231C284FAE00B02B52 /* main.m in Sources */,
			);
			runOnlyForDeploymentPostprocessing = 0;
		};
		F1EFE9331C284FAE00B02B52 /* Sources */ = {
			isa = PBXSourcesBuildPhase;
			buildActionMask = 2147483647;
			files = (
				F1EFE93C1C284FAE00B02B52 /* FreshTests.m in Sources */,
			);
			runOnlyForDeploymentPostprocessing = 0;
		};
		F1EFE93E1C284FAE00B02B52 /* Sources */ = {
			isa = PBXSourcesBuildPhase;
			buildActionMask = 2147483647;
			files = (
				F1EFE9471C284FAE00B02B52 /* FreshUITests.m in Sources */,
			);
			runOnlyForDeploymentPostprocessing = 0;
		};
/* End PBXSourcesBuildPhase section */

/* Begin PBXTargetDependency section */
		F1EFE9391C284FAE00B02B52 /* PBXTargetDependency */ = {
			isa = PBXTargetDependency;
			target = F1EFE91D1C284FAE00B02B52 /* Fresh */;
			targetProxy = F1EFE9381C284FAE00B02B52 /* PBXContainerItemProxy */;
		};
		F1EFE9441C284FAE00B02B52 /* PBXTargetDependency */ = {
			isa = PBXTargetDependency;
			target = F1EFE91D1C284FAE00B02B52 /* Fresh */;
			targetProxy = F1EFE9431C284FAE00B02B52 /* PBXContainerItemProxy */;
		};
/* End PBXTargetDependency section */

/* Begin PBXVariantGroup section */
		F1EFE92A1C284FAE00B02B52 /* Main.storyboard */ = {
			isa = PBXVariantGroup;
			children = (
				F1EFE92B1C284FAE00B02B52 /* Base */,
			);
			name = Main.storyboard;
			sourceTree = "<group>";
		};
		F1EFE92F1C284FAE00B02B52 /* LaunchScreen.storyboard */ = {
			isa = PBXVariantGroup;
			children = (
				F1EFE9301C284FAE00B02B52 /* Base */,
			);
			name = LaunchScreen.storyboard;
			sourceTree = "<group>";
		};
/* End PBXVariantGroup section */

/* Begin XCBuildConfiguration section */
		F1EFE9491C284FAE00B02B52 /* Debug */ = {
			isa = XCBuildConfiguration;
			buildSettings = {
				ALWAYS_SEARCH_USER_PATHS = NO;
				CLANG_CXX_LANGUAGE_STANDARD = "gnu++0x";
				CLANG_CXX_LIBRARY = "libc++";
				CLANG_ENABLE_MODULES = YES;
				CLANG_ENABLE_OBJC_ARC = YES;
				CLANG_WARN_BOOL_CONVERSION = YES;
				CLANG_WARN_CONSTANT_CONVERSION = YES;
				CLANG_WARN_DIRECT_OBJC_ISA_USAGE = YES_ERROR;
				CLANG_WARN_EMPTY_BODY = YES;
				CLANG_WARN_ENUM_CONVERSION = YES;
				CLANG_WARN_INT_CONVERSION = YES;
				CLANG_WARN_OBJC_ROOT_CLASS = YES_ERROR;
				CLANG_WARN_UNREACHABLE_CODE = YES;
				CLANG_WARN__DUPLICATE_METHOD_MATCH = YES;
				"CODE_SIGN_IDENTITY[sdk=iphoneos*]" = "iPhone Developer";
				COPY_PHASE_STRIP = NO;
				DEBUG_INFORMATION_FORMAT = dwarf;
				ENABLE_STRICT_OBJC_MSGSEND = YES;
				ENABLE_TESTABILITY = YES;
				GCC_C_LANGUAGE_STANDARD = gnu99;
				GCC_DYNAMIC_NO_PIC = NO;
				GCC_NO_COMMON_BLOCKS = YES;
				GCC_OPTIMIZATION_LEVEL = 0;
				GCC_PREPROCESSOR_DEFINITIONS = (
					"DEBUG=1",
					"$(inherited)",
				);
				GCC_WARN_64_TO_32_BIT_CONVERSION = YES;
				GCC_WARN_ABOUT_RETURN_TYPE = YES_ERROR;
				GCC_WARN_UNDECLARED_SELECTOR = YES;
				GCC_WARN_UNINITIALIZED_AUTOS = YES_AGGRESSIVE;
				GCC_WARN_UNUSED_FUNCTION = YES;
				GCC_WARN_UNUSED_VARIABLE = YES;
				IPHONEOS_DEPLOYMENT_TARGET = 7.0;
				MTL_ENABLE_DEBUG_INFO = YES;
				ONLY_ACTIVE_ARCH = YES;
				SDKROOT = iphoneos;
			};
			name = Debug;
		};
		F1EFE94A1C284FAE00B02B52 /* Release */ = {
			isa = XCBuildConfiguration;
			buildSettings = {
				ALWAYS_SEARCH_USER_PATHS = NO;
				CLANG_CXX_LANGUAGE_STANDARD = "gnu++0x";
				CLANG_CXX_LIBRARY = "libc++";
				CLANG_ENABLE_MODULES = YES;
				CLANG_ENABLE_OBJC_ARC = YES;
				CLANG_WARN_BOOL_CONVERSION = YES;
				CLANG_WARN_CONSTANT_CONVERSION = YES;
				CLANG_WARN_DIRECT_OBJC_ISA_USAGE = YES_ERROR;
				CLANG_WARN_EMPTY_BODY = YES;
				CLANG_WARN_ENUM_CONVERSION = YES;
				CLANG_WARN_INT_CONVERSION = YES;
				CLANG_WARN_OBJC_ROOT_CLASS = YES_ERROR;
				CLANG_WARN_UNREACHABLE_CODE = YES;
				CLANG_WARN__DUPLICATE_METHOD_MATCH = YES;
				"CODE_SIGN_IDENTITY[sdk=iphoneos*]" = "iPhone Developer";
				COPY_PHASE_STRIP = NO;
				DEBUG_INFORMATION_FORMAT = "dwarf-with-dsym";
				ENABLE_NS_ASSERTIONS = NO;
				ENABLE_STRICT_OBJC_MSGSEND = YES;
				GCC_C_LANGUAGE_STANDARD = gnu99;
				GCC_NO_COMMON_BLOCKS = YES;
				GCC_WARN_64_TO_32_BIT_CONVERSION = YES;
				GCC_WARN_ABOUT_RETURN_TYPE = YES_ERROR;
				GCC_WARN_UNDECLARED_SELECTOR = YES;
				GCC_WARN_UNINITIALIZED_AUTOS = YES_AGGRESSIVE;
				GCC_WARN_UNUSED_FUNCTION = YES;
				GCC_WARN_UNUSED_VARIABLE = YES;
				IPHONEOS_DEPLOYMENT_TARGET = 7.0;
				MTL_ENABLE_DEBUG_INFO = NO;
				SDKROOT = iphoneos;
				VALIDATE_PRODUCT = YES;
			};
			name = Release;
		};
		F1EFE94C1C284FAE00B02B52 /* Debug */ = {
			isa = XCBuildConfiguration;
			buildSettings = {
				ASSETCATALOG_COMPILER_APPICON_NAME = AppIcon;
				INFOPLIST_FILE = Fresh/Info.plist;
				IPHONEOS_DEPLOYMENT_TARGET = 7.0;
				LD_RUNPATH_SEARCH_PATHS = "$(inherited) @executable_path/Frameworks";
				PRODUCT_BUNDLE_IDENTIFIER = NADA.Fresh;
				PRODUCT_NAME = "$(TARGET_NAME)";
			};
			name = Debug;
		};
		F1EFE94D1C284FAE00B02B52 /* Release */ = {
			isa = XCBuildConfiguration;
			buildSettings = {
				ASSETCATALOG_COMPILER_APPICON_NAME = AppIcon;
				INFOPLIST_FILE = Fresh/Info.plist;
				IPHONEOS_DEPLOYMENT_TARGET = 7.0;
				LD_RUNPATH_SEARCH_PATHS = "$(inherited) @executable_path/Frameworks";
				PRODUCT_BUNDLE_IDENTIFIER = NADA.Fresh;
				PRODUCT_NAME = "$(TARGET_NAME)";
			};
			name = Release;
		};
		F1EFE94F1C284FAE00B02B52 /* Debug */ = {
			isa = XCBuildConfiguration;
			buildSettings = {
				BUNDLE_LOADER = "$(TEST_HOST)";
				INFOPLIST_FILE = FreshTests/Info.plist;
				LD_RUNPATH_SEARCH_PATHS = "$(inherited) @executable_path/Frameworks @loader_path/Frameworks";
				PRODUCT_BUNDLE_IDENTIFIER = NADA.FreshTests;
				PRODUCT_NAME = "$(TARGET_NAME)";
				TEST_HOST = "$(BUILT_PRODUCTS_DIR)/Fresh.app/Fresh";
			};
			name = Debug;
		};
		F1EFE9501C284FAE00B02B52 /* Release */ = {
			isa = XCBuildConfiguration;
			buildSettings = {
				BUNDLE_LOADER = "$(TEST_HOST)";
				INFOPLIST_FILE = FreshTests/Info.plist;
				LD_RUNPATH_SEARCH_PATHS = "$(inherited) @executable_path/Frameworks @loader_path/Frameworks";
				PRODUCT_BUNDLE_IDENTIFIER = NADA.FreshTests;
				PRODUCT_NAME = "$(TARGET_NAME)";
				TEST_HOST = "$(BUILT_PRODUCTS_DIR)/Fresh.app/Fresh";
			};
			name = Release;
		};
		F1EFE9521C284FAE00B02B52 /* Debug */ = {
			isa = XCBuildConfiguration;
			buildSettings = {
				INFOPLIST_FILE = FreshUITests/Info.plist;
				LD_RUNPATH_SEARCH_PATHS = "$(inherited) @executable_path/Frameworks @loader_path/Frameworks";
				PRODUCT_BUNDLE_IDENTIFIER = NADA.FreshUITests;
				PRODUCT_NAME = "$(TARGET_NAME)";
				TEST_TARGET_NAME = Fresh;
				USES_XCTRUNNER = YES;
			};
			name = Debug;
		};
		F1EFE9531C284FAE00B02B52 /* Release */ = {
			isa = XCBuildConfiguration;
			buildSettings = {
				INFOPLIST_FILE = FreshUITests/Info.plist;
				LD_RUNPATH_SEARCH_PATHS = "$(inherited) @executable_path/Frameworks @loader_path/Frameworks";
				PRODUCT_BUNDLE_IDENTIFIER = NADA.FreshUITests;
				PRODUCT_NAME = "$(TARGET_NAME)";
				TEST_TARGET_NAME = Fresh;
				USES_XCTRUNNER = YES;
			};
			name = Release;
		};
/* End XCBuildConfiguration section */

/* Begin XCConfigurationList section */
		F1EFE9191C284FAE00B02B52 /* Build configuration list for PBXProject "Fresh" */ = {
			isa = XCConfigurationList;
			buildConfigurations = (
				F1EFE9491C284FAE00B02B52 /* Debug */,
				F1EFE94A1C284FAE00B02B52 /* Release */,
			);
			defaultConfigurationIsVisible = 0;
			defaultConfigurationName = Release;
		};
		F1EFE94B1C284FAE00B02B52 /* Build configuration list for PBXNativeTarget "Fresh" */ = {
			isa = XCConfigurationList;
			buildConfigurations = (
				F1EFE94C1C284FAE00B02B52 /* Debug */,
				F1EFE94D1C284FAE00B02B52 /* Release */,
			);
			defaultConfigurationIsVisible = 0;
		};
		F1EFE94E1C284FAE00B02B52 /* Build configuration list for PBXNativeTarget "FreshTests" */ = {
			isa = XCConfigurationList;
			buildConfigurations = (
				F1EFE94F1C284FAE00B02B52 /* Debug */,
				F1EFE9501C284FAE00B02B52 /* Release */,
			);
			defaultConfigurationIsVisible = 0;
		};
		F1EFE9511C284FAE00B02B52 /* Build configuration list for PBXNativeTarget "FreshUITests" */ = {
			isa = XCConfigurationList;
			buildConfigurations = (
				F1EFE9521C284FAE00B02B52 /* Debug */,
				F1EFE9531C284FAE00B02B52 /* Release */,
			);
			defaultConfigurationIsVisible = 0;
		};
/* End XCConfigurationList section */
	};
	rootObject = F1EFE9161C284FAE00B02B52 /* Project object */;
}
